// !$*UTF8*$!
{
	archiveVersion = 1;
	classes = {
	};
	objectVersion = 50;
	objects = {

/* Begin PBXBuildFile section */
		5ACBEC884CEA5FCE583ADCD0 /* Pods_EW.framework in Frameworks */ = {isa = PBXBuildFile; fileRef = 01AA0046B9E2303900AC261A /* Pods_EW.framework */; };
		930C06EB27FD986C006B992A /* AppDelegate.swift in Sources */ = {isa = PBXBuildFile; fileRef = 930C06EA27FD986C006B992A /* AppDelegate.swift */; };
		930C06ED27FD986C006B992A /* SceneDelegate.swift in Sources */ = {isa = PBXBuildFile; fileRef = 930C06EC27FD986C006B992A /* SceneDelegate.swift */; };
		930C06EF27FD986C006B992A /* ViewController.swift in Sources */ = {isa = PBXBuildFile; fileRef = 930C06EE27FD986C006B992A /* ViewController.swift */; };
		930C06F227FD986C006B992A /* Main.storyboard in Resources */ = {isa = PBXBuildFile; fileRef = 930C06F027FD986C006B992A /* Main.storyboard */; };
		930C06F427FD986D006B992A /* Assets.xcassets in Resources */ = {isa = PBXBuildFile; fileRef = 930C06F327FD986D006B992A /* Assets.xcassets */; };
		930C06F727FD986D006B992A /* LaunchScreen.storyboard in Resources */ = {isa = PBXBuildFile; fileRef = 930C06F527FD986D006B992A /* LaunchScreen.storyboard */; };
/* End PBXBuildFile section */

/* Begin PBXFileReference section */
		01AA0046B9E2303900AC261A /* Pods_EW.framework */ = {isa = PBXFileReference; explicitFileType = wrapper.framework; includeInIndex = 0; path = Pods_EW.framework; sourceTree = BUILT_PRODUCTS_DIR; };
		47BE87FA2D09D3F76EAF37DD /* Pods-EW.release.xcconfig */ = {isa = PBXFileReference; includeInIndex = 1; lastKnownFileType = text.xcconfig; name = "Pods-EW.release.xcconfig"; path = "Target Support Files/Pods-EW/Pods-EW.release.xcconfig"; sourceTree = "<group>"; };
		930C06E727FD986C006B992A /* EW.app */ = {isa = PBXFileReference; explicitFileType = wrapper.application; includeInIndex = 0; path = EW.app; sourceTree = BUILT_PRODUCTS_DIR; };
		930C06EA27FD986C006B992A /* AppDelegate.swift */ = {isa = PBXFileReference; lastKnownFileType = sourcecode.swift; path = AppDelegate.swift; sourceTree = "<group>"; };
		930C06EC27FD986C006B992A /* SceneDelegate.swift */ = {isa = PBXFileReference; lastKnownFileType = sourcecode.swift; path = SceneDelegate.swift; sourceTree = "<group>"; };
		930C06EE27FD986C006B992A /* ViewController.swift */ = {isa = PBXFileReference; lastKnownFileType = sourcecode.swift; path = ViewController.swift; sourceTree = "<group>"; };
		930C06F127FD986C006B992A /* Base */ = {isa = PBXFileReference; lastKnownFileType = file.storyboard; name = Base; path = Base.lproj/Main.storyboard; sourceTree = "<group>"; };
		930C06F327FD986D006B992A /* Assets.xcassets */ = {isa = PBXFileReference; lastKnownFileType = folder.assetcatalog; path = Assets.xcassets; sourceTree = "<group>"; };
		930C06F627FD986D006B992A /* Base */ = {isa = PBXFileReference; lastKnownFileType = file.storyboard; name = Base; path = Base.lproj/LaunchScreen.storyboard; sourceTree = "<group>"; };
		930C06F827FD986D006B992A /* Info.plist */ = {isa = PBXFileReference; lastKnownFileType = text.plist.xml; path = Info.plist; sourceTree = "<group>"; };
		A827BC8BF328914AE673BD56 /* Pods-EW.debug.xcconfig */ = {isa = PBXFileReference; includeInIndex = 1; lastKnownFileType = text.xcconfig; name = "Pods-EW.debug.xcconfig"; path = "Target Support Files/Pods-EW/Pods-EW.debug.xcconfig"; sourceTree = "<group>"; };
/* End PBXFileReference section */

/* Begin PBXFrameworksBuildPhase section */
		930C06E427FD986C006B992A /* Frameworks */ = {
			isa = PBXFrameworksBuildPhase;
			buildActionMask = 2147483647;
			files = (
				5ACBEC884CEA5FCE583ADCD0 /* Pods_EW.framework in Frameworks */,
			);
			runOnlyForDeploymentPostprocessing = 0;
		};
/* End PBXFrameworksBuildPhase section */

/* Begin PBXGroup section */
		27E3AF8D40650AB2FB334FB2 /* Frameworks */ = {
			isa = PBXGroup;
			children = (
				01AA0046B9E2303900AC261A /* Pods_EW.framework */,
			);
			name = Frameworks;
			sourceTree = "<group>";
		};
		682292B020B2D1289BF24C3D /* Pods */ = {
			isa = PBXGroup;
			children = (
				A827BC8BF328914AE673BD56 /* Pods-EW.debug.xcconfig */,
				47BE87FA2D09D3F76EAF37DD /* Pods-EW.release.xcconfig */,
			);
			name = Pods;
			path = Pods;
			sourceTree = "<group>";
		};
		930C06DE27FD986C006B992A = {
			isa = PBXGroup;
			children = (
				930C06E927FD986C006B992A /* EW */,
				930C06E827FD986C006B992A /* Products */,
				682292B020B2D1289BF24C3D /* Pods */,
				27E3AF8D40650AB2FB334FB2 /* Frameworks */,
			);
			sourceTree = "<group>";
		};
		930C06E827FD986C006B992A /* Products */ = {
			isa = PBXGroup;
			children = (
				930C06E727FD986C006B992A /* EW.app */,
			);
			name = Products;
			sourceTree = "<group>";
		};
		930C06E927FD986C006B992A /* EW */ = {
			isa = PBXGroup;
			children = (
				930C06EA27FD986C006B992A /* AppDelegate.swift */,
				930C06EC27FD986C006B992A /* SceneDelegate.swift */,
				930C06EE27FD986C006B992A /* ViewController.swift */,
				930C06F027FD986C006B992A /* Main.storyboard */,
				930C06F327FD986D006B992A /* Assets.xcassets */,
				930C06F527FD986D006B992A /* LaunchScreen.storyboard */,
				930C06F827FD986D006B992A /* Info.plist */,
			);
			path = EW;
			sourceTree = "<group>";
		};
/* End PBXGroup section */

/* Begin PBXNativeTarget section */
		930C06E627FD986C006B992A /* EW */ = {
			isa = PBXNativeTarget;
			buildConfigurationList = 930C06FB27FD986D006B992A /* Build configuration list for PBXNativeTarget "EW" */;
			buildPhases = (
				000FB27812C815512F9E5F06 /* [CP] Check Pods Manifest.lock */,
				930C06E327FD986C006B992A /* Sources */,
				930C06E427FD986C006B992A /* Frameworks */,
				930C06E527FD986C006B992A /* Resources */,
				625D5353C4B6F68A46548F7F /* [CP] Embed Pods Frameworks */,
			);
			buildRules = (
			);
			dependencies = (
			);
			name = EW;
			productName = EW;
			productReference = 930C06E727FD986C006B992A /* EW.app */;
			productType = "com.apple.product-type.application";
		};
/* End PBXNativeTarget section */

/* Begin PBXProject section */
		930C06DF27FD986C006B992A /* Project object */ = {
			isa = PBXProject;
			attributes = {
				LastSwiftUpdateCheck = 1240;
				LastUpgradeCheck = 1240;
				TargetAttributes = {
					930C06E627FD986C006B992A = {
						CreatedOnToolsVersion = 12.4;
					};
				};
			};
			buildConfigurationList = 930C06E227FD986C006B992A /* Build configuration list for PBXProject "EW" */;
			compatibilityVersion = "Xcode 9.3";
			developmentRegion = en;
			hasScannedForEncodings = 0;
			knownRegions = (
				en,
				Base,
			);
			mainGroup = 930C06DE27FD986C006B992A;
			productRefGroup = 930C06E827FD986C006B992A /* Products */;
			projectDirPath = "";
			projectRoot = "";
			targets = (
				930C06E627FD986C006B992A /* EW */,
			);
		};
/* End PBXProject section */

/* Begin PBXResourcesBuildPhase section */
		930C06E527FD986C006B992A /* Resources */ = {
			isa = PBXResourcesBuildPhase;
			buildActionMask = 2147483647;
			files = (
				930C06F727FD986D006B992A /* LaunchScreen.storyboard in Resources */,
				930C06F427FD986D006B992A /* Assets.xcassets in Resources */,
				930C06F227FD986C006B992A /* Main.storyboard in Resources */,
			);
			runOnlyForDeploymentPostprocessing = 0;
		};
/* End PBXResourcesBuildPhase section */

/* Begin PBXShellScriptBuildPhase section */
		000FB27812C815512F9E5F06 /* [CP] Check Pods Manifest.lock */ = {
			isa = PBXShellScriptBuildPhase;
			buildActionMask = 2147483647;
			files = (
			);
			inputFileListPaths = (
			);
			inputPaths = (
				"${PODS_PODFILE_DIR_PATH}/Podfile.lock",
				"${PODS_ROOT}/Manifest.lock",
			);
			name = "[CP] Check Pods Manifest.lock";
			outputFileListPaths = (
			);
			outputPaths = (
				"$(DERIVED_FILE_DIR)/Pods-EW-checkManifestLockResult.txt",
			);
			runOnlyForDeploymentPostprocessing = 0;
			shellPath = /bin/sh;
			shellScript = "diff \"${PODS_PODFILE_DIR_PATH}/Podfile.lock\" \"${PODS_ROOT}/Manifest.lock\" > /dev/null\nif [ $? != 0 ] ; then\n    # print error to STDERR\n    echo \"error: The sandbox is not in sync with the Podfile.lock. Run 'pod install' or update your CocoaPods installation.\" >&2\n    exit 1\nfi\n# This output is used by Xcode 'outputs' to avoid re-running this script phase.\necho \"SUCCESS\" > \"${SCRIPT_OUTPUT_FILE_0}\"\n";
			showEnvVarsInLog = 0;
		};
		625D5353C4B6F68A46548F7F /* [CP] Embed Pods Frameworks */ = {
			isa = PBXShellScriptBuildPhase;
			buildActionMask = 2147483647;
			files = (
			);
			inputFileListPaths = (
				"${PODS_ROOT}/Target Support Files/Pods-EW/Pods-EW-frameworks-${CONFIGURATION}-input-files.xcfilelist",
			);
			name = "[CP] Embed Pods Frameworks";
			outputFileListPaths = (
				"${PODS_ROOT}/Target Support Files/Pods-EW/Pods-EW-frameworks-${CONFIGURATION}-output-files.xcfilelist",
			);
			runOnlyForDeploymentPostprocessing = 0;
			shellPath = /bin/sh;
			shellScript = "\"${PODS_ROOT}/Target Support Files/Pods-EW/Pods-EW-frameworks.sh\"\n";
			showEnvVarsInLog = 0;
		};
/* End PBXShellScriptBuildPhase section */

/* Begin PBXSourcesBuildPhase section */
		930C06E327FD986C006B992A /* Sources */ = {
			isa = PBXSourcesBuildPhase;
			buildActionMask = 2147483647;
			files = (
				930C06EF27FD986C006B992A /* ViewController.swift in Sources */,
				930C06EB27FD986C006B992A /* AppDelegate.swift in Sources */,
				930C06ED27FD986C006B992A /* SceneDelegate.swift in Sources */,
			);
			runOnlyForDeploymentPostprocessing = 0;
		};
/* End PBXSourcesBuildPhase section */

/* Begin PBXVariantGroup section */
		930C06F027FD986C006B992A /* Main.storyboard */ = {
			isa = PBXVariantGroup;
			children = (
				930C06F127FD986C006B992A /* Base */,
			);
			name = Main.storyboard;
			sourceTree = "<group>";
		};
		930C06F527FD986D006B992A /* LaunchScreen.storyboard */ = {
			isa = PBXVariantGroup;
			children = (
				930C06F627FD986D006B992A /* Base */,
			);
			name = LaunchScreen.storyboard;
			sourceTree = "<group>";
		};
/* End PBXVariantGroup section */

/* Begin XCBuildConfiguration section */
		930C06F927FD986D006B992A /* Debug */ = {
			isa = XCBuildConfiguration;
			buildSettings = {
				ALWAYS_SEARCH_USER_PATHS = NO;
				CLANG_ANALYZER_NONNULL = YES;
				CLANG_ANALYZER_NUMBER_OBJECT_CONVERSION = YES_AGGRESSIVE;
				CLANG_CXX_LANGUAGE_STANDARD = "gnu++14";
				CLANG_CXX_LIBRARY = "libc++";
				CLANG_ENABLE_MODULES = YES;
				CLANG_ENABLE_OBJC_ARC = YES;
				CLANG_ENABLE_OBJC_WEAK = YES;
				CLANG_WARN_BLOCK_CAPTURE_AUTORELEASING = YES;
				CLANG_WARN_BOOL_CONVERSION = YES;
				CLANG_WARN_COMMA = YES;
				CLANG_WARN_CONSTANT_CONVERSION = YES;
				CLANG_WARN_DEPRECATED_OBJC_IMPLEMENTATIONS = YES;
				CLANG_WARN_DIRECT_OBJC_ISA_USAGE = YES_ERROR;
				CLANG_WARN_DOCUMENTATION_COMMENTS = YES;
				CLANG_WARN_EMPTY_BODY = YES;
				CLANG_WARN_ENUM_CONVERSION = YES;
				CLANG_WARN_INFINITE_RECURSION = YES;
				CLANG_WARN_INT_CONVERSION = YES;
				CLANG_WARN_NON_LITERAL_NULL_CONVERSION = YES;
				CLANG_WARN_OBJC_IMPLICIT_RETAIN_SELF = YES;
				CLANG_WARN_OBJC_LITERAL_CONVERSION = YES;
				CLANG_WARN_OBJC_ROOT_CLASS = YES_ERROR;
				CLANG_WARN_QUOTED_INCLUDE_IN_FRAMEWORK_HEADER = YES;
				CLANG_WARN_RANGE_LOOP_ANALYSIS = YES;
				CLANG_WARN_STRICT_PROTOTYPES = YES;
				CLANG_WARN_SUSPICIOUS_MOVE = YES;
				CLANG_WARN_UNGUARDED_AVAILABILITY = YES_AGGRESSIVE;
				CLANG_WARN_UNREACHABLE_CODE = YES;
				CLANG_WARN__DUPLICATE_METHOD_MATCH = YES;
				COPY_PHASE_STRIP = NO;
				DEBUG_INFORMATION_FORMAT = dwarf;
				ENABLE_STRICT_OBJC_MSGSEND = YES;
				ENABLE_TESTABILITY = YES;
				GCC_C_LANGUAGE_STANDARD = gnu11;
				GCC_DYNAMIC_NO_PIC = NO;
				GCC_NO_COMMON_BLOCKS = YES;
				GCC_OPTIMIZATION_LEVEL = 0;
				GCC_PREPROCESSOR_DEFINITIONS = (
					"DEBUG=1",
					"$(inherited)",
				);
				GCC_WARN_64_TO_32_BIT_CONVERSION = YES;
				GCC_WARN_ABOUT_RETURN_TYPE = YES_ERROR;
				GCC_WARN_UNDECLARED_SELECTOR = YES;
				GCC_WARN_UNINITIALIZED_AUTOS = YES_AGGRESSIVE;
				GCC_WARN_UNUSED_FUNCTION = YES;
				GCC_WARN_UNUSED_VARIABLE = YES;
				IPHONEOS_DEPLOYMENT_TARGET = 14.4;
				MTL_ENABLE_DEBUG_INFO = INCLUDE_SOURCE;
				MTL_FAST_MATH = YES;
				ONLY_ACTIVE_ARCH = YES;
				SDKROOT = iphoneos;
				SWIFT_ACTIVE_COMPILATION_CONDITIONS = DEBUG;
				SWIFT_OPTIMIZATION_LEVEL = "-Onone";
			};
			name = Debug;
		};
		930C06FA27FD986D006B992A /* Release */ = {
			isa = XCBuildConfiguration;
			buildSettings = {
				ALWAYS_SEARCH_USER_PATHS = NO;
				CLANG_ANALYZER_NONNULL = YES;
				CLANG_ANALYZER_NUMBER_OBJECT_CONVERSION = YES_AGGRESSIVE;
				CLANG_CXX_LANGUAGE_STANDARD = "gnu++14";
				CLANG_CXX_LIBRARY = "libc++";
				CLANG_ENABLE_MODULES = YES;
				CLANG_ENABLE_OBJC_ARC = YES;
				CLANG_ENABLE_OBJC_WEAK = YES;
				CLANG_WARN_BLOCK_CAPTURE_AUTORELEASING = YES;
				CLANG_WARN_BOOL_CONVERSION = YES;
				CLANG_WARN_COMMA = YES;
				CLANG_WARN_CONSTANT_CONVERSION = YES;
				CLANG_WARN_DEPRECATED_OBJC_IMPLEMENTATIONS = YES;
				CLANG_WARN_DIRECT_OBJC_ISA_USAGE = YES_ERROR;
				CLANG_WARN_DOCUMENTATION_COMMENTS = YES;
				CLANG_WARN_EMPTY_BODY = YES;
				CLANG_WARN_ENUM_CONVERSION = YES;
				CLANG_WARN_INFINITE_RECURSION = YES;
				CLANG_WARN_INT_CONVERSION = YES;
				CLANG_WARN_NON_LITERAL_NULL_CONVERSION = YES;
				CLANG_WARN_OBJC_IMPLICIT_RETAIN_SELF = YES;
				CLANG_WARN_OBJC_LITERAL_CONVERSION = YES;
				CLANG_WARN_OBJC_ROOT_CLASS = YES_ERROR;
				CLANG_WARN_QUOTED_INCLUDE_IN_FRAMEWORK_HEADER = YES;
				CLANG_WARN_RANGE_LOOP_ANALYSIS = YES;
				CLANG_WARN_STRICT_PROTOTYPES = YES;
				CLANG_WARN_SUSPICIOUS_MOVE = YES;
				CLANG_WARN_UNGUARDED_AVAILABILITY = YES_AGGRESSIVE;
				CLANG_WARN_UNREACHABLE_CODE = YES;
				CLANG_WARN__DUPLICATE_METHOD_MATCH = YES;
				COPY_PHASE_STRIP = NO;
				DEBUG_INFORMATION_FORMAT = "dwarf-with-dsym";
				ENABLE_NS_ASSERTIONS = NO;
				ENABLE_STRICT_OBJC_MSGSEND = YES;
				GCC_C_LANGUAGE_STANDARD = gnu11;
				GCC_NO_COMMON_BLOCKS = YES;
				GCC_WARN_64_TO_32_BIT_CONVERSION = YES;
				GCC_WARN_ABOUT_RETURN_TYPE = YES_ERROR;
				GCC_WARN_UNDECLARED_SELECTOR = YES;
				GCC_WARN_UNINITIALIZED_AUTOS = YES_AGGRESSIVE;
				GCC_WARN_UNUSED_FUNCTION = YES;
				GCC_WARN_UNUSED_VARIABLE = YES;
				IPHONEOS_DEPLOYMENT_TARGET = 14.4;
				MTL_ENABLE_DEBUG_INFO = NO;
				MTL_FAST_MATH = YES;
				SDKROOT = iphoneos;
				SWIFT_COMPILATION_MODE = wholemodule;
				SWIFT_OPTIMIZATION_LEVEL = "-O";
				VALIDATE_PRODUCT = YES;
			};
			name = Release;
		};
		930C06FC27FD986D006B992A /* Debug */ = {
			isa = XCBuildConfiguration;
			baseConfigurationReference = A827BC8BF328914AE673BD56 /* Pods-EW.debug.xcconfig */;
			buildSettings = {
				ASSETCATALOG_COMPILER_APPICON_NAME = AppIcon;
				ASSETCATALOG_COMPILER_GLOBAL_ACCENT_COLOR_NAME = AccentColor;
				CODE_SIGN_STYLE = Automatic;
				DEVELOPMENT_TEAM = ZX8LBHXXZB;
				INFOPLIST_FILE = EW/Info.plist;
				LD_RUNPATH_SEARCH_PATHS = (
					"$(inherited)",
					"@executable_path/Frameworks",
				);
				PRODUCT_BUNDLE_IDENTIFIER = haiphan.EW;
				PRODUCT_NAME = "$(TARGET_NAME)";
				SWIFT_VERSION = 5.0;
				TARGETED_DEVICE_FAMILY = "1,2";
			};
			name = Debug;
		};
		930C06FD27FD986D006B992A /* Release */ = {
			isa = XCBuildConfiguration;
			baseConfigurationReference = 47BE87FA2D09D3F76EAF37DD /* Pods-EW.release.xcconfig */;
			buildSettings = {
				ASSETCATALOG_COMPILER_APPICON_NAME = AppIcon;
				ASSETCATALOG_COMPILER_GLOBAL_ACCENT_COLOR_NAME = AccentColor;
				CODE_SIGN_STYLE = Automatic;
				DEVELOPMENT_TEAM = ZX8LBHXXZB;
				INFOPLIST_FILE = EW/Info.plist;
				LD_RUNPATH_SEARCH_PATHS = (
					"$(inherited)",
					"@executable_path/Frameworks",
				);
				PRODUCT_BUNDLE_IDENTIFIER = haiphan.EW;
				PRODUCT_NAME = "$(TARGET_NAME)";
				SWIFT_VERSION = 5.0;
				TARGETED_DEVICE_FAMILY = "1,2";
			};
			name = Release;
		};
/* End XCBuildConfiguration section */

/* Begin XCConfigurationList section */
		930C06E227FD986C006B992A /* Build configuration list for PBXProject "EW" */ = {
			isa = XCConfigurationList;
			buildConfigurations = (
				930C06F927FD986D006B992A /* Debug */,
				930C06FA27FD986D006B992A /* Release */,
			);
			defaultConfigurationIsVisible = 0;
			defaultConfigurationName = Release;
		};
		930C06FB27FD986D006B992A /* Build configuration list for PBXNativeTarget "EW" */ = {
			isa = XCConfigurationList;
			buildConfigurations = (
				930C06FC27FD986D006B992A /* Debug */,
				930C06FD27FD986D006B992A /* Release */,
			);
			defaultConfigurationIsVisible = 0;
			defaultConfigurationName = Release;
		};
/* End XCConfigurationList section */
	};
	rootObject = 930C06DF27FD986C006B992A /* Project object */;
}
